// !$*UTF8*$!
{
	archiveVersion = 1;
	classes = {
	};
	objectVersion = 50;
	objects = {

/* Begin PBXBuildFile section */
		D623FDB625C1A8EC00EEA76C /* AppDelegate.swift in Sources */ = {isa = PBXBuildFile; fileRef = D623FDB525C1A8EC00EEA76C /* AppDelegate.swift */; };
		D623FDB825C1A8EC00EEA76C /* art.scnassets in Resources */ = {isa = PBXBuildFile; fileRef = D623FDB725C1A8EC00EEA76C /* art.scnassets */; };
		D623FDBA25C1A8EC00EEA76C /* ViewController.swift in Sources */ = {isa = PBXBuildFile; fileRef = D623FDB925C1A8EC00EEA76C /* ViewController.swift */; };
		D623FDBD25C1A8EC00EEA76C /* Main.storyboard in Resources */ = {isa = PBXBuildFile; fileRef = D623FDBB25C1A8EC00EEA76C /* Main.storyboard */; };
		D623FDBF25C1A8EE00EEA76C /* Assets.xcassets in Resources */ = {isa = PBXBuildFile; fileRef = D623FDBE25C1A8EE00EEA76C /* Assets.xcassets */; };
		D623FDC225C1A8EE00EEA76C /* LaunchScreen.storyboard in Resources */ = {isa = PBXBuildFile; fileRef = D623FDC025C1A8EE00EEA76C /* LaunchScreen.storyboard */; };
		D6A53C5E25C2CD5900444C06 /* skull.png in Resources */ = {isa = PBXBuildFile; fileRef = D6A53C5D25C2CD5900444C06 /* skull.png */; };
/* End PBXBuildFile section */

/* Begin PBXFileReference section */
		D623FDB225C1A8EC00EEA76C /* ARRecognition3D_doz_16.app */ = {isa = PBXFileReference; explicitFileType = wrapper.application; includeInIndex = 0; path = ARRecognition3D_doz_16.app; sourceTree = BUILT_PRODUCTS_DIR; };
		D623FDB525C1A8EC00EEA76C /* AppDelegate.swift */ = {isa = PBXFileReference; lastKnownFileType = sourcecode.swift; path = AppDelegate.swift; sourceTree = "<group>"; };
		D623FDB725C1A8EC00EEA76C /* art.scnassets */ = {isa = PBXFileReference; lastKnownFileType = wrapper.scnassets; path = art.scnassets; sourceTree = "<group>"; };
		D623FDB925C1A8EC00EEA76C /* ViewController.swift */ = {isa = PBXFileReference; lastKnownFileType = sourcecode.swift; path = ViewController.swift; sourceTree = "<group>"; };
		D623FDBC25C1A8EC00EEA76C /* Base */ = {isa = PBXFileReference; lastKnownFileType = file.storyboard; name = Base; path = Base.lproj/Main.storyboard; sourceTree = "<group>"; };
		D623FDBE25C1A8EE00EEA76C /* Assets.xcassets */ = {isa = PBXFileReference; lastKnownFileType = folder.assetcatalog; path = Assets.xcassets; sourceTree = "<group>"; };
		D623FDC125C1A8EE00EEA76C /* Base */ = {isa = PBXFileReference; lastKnownFileType = file.storyboard; name = Base; path = Base.lproj/LaunchScreen.storyboard; sourceTree = "<group>"; };
		D623FDC325C1A8EE00EEA76C /* Info.plist */ = {isa = PBXFileReference; lastKnownFileType = text.plist.xml; path = Info.plist; sourceTree = "<group>"; };
		D6A53C5D25C2CD5900444C06 /* skull.png */ = {isa = PBXFileReference; lastKnownFileType = image.png; path = skull.png; sourceTree = "<group>"; };
/* End PBXFileReference section */

/* Begin PBXFrameworksBuildPhase section */
		D623FDAF25C1A8EC00EEA76C /* Frameworks */ = {
			isa = PBXFrameworksBuildPhase;
			buildActionMask = 2147483647;
			files = (
			);
			runOnlyForDeploymentPostprocessing = 0;
		};
/* End PBXFrameworksBuildPhase section */

/* Begin PBXGroup section */
		D623FDA925C1A8EC00EEA76C = {
			isa = PBXGroup;
			children = (
				D623FDB425C1A8EC00EEA76C /* ARRecognition3D_doz_16 */,
				D623FDB325C1A8EC00EEA76C /* Products */,
			);
			sourceTree = "<group>";
		};
		D623FDB325C1A8EC00EEA76C /* Products */ = {
			isa = PBXGroup;
			children = (
				D623FDB225C1A8EC00EEA76C /* ARRecognition3D_doz_16.app */,
			);
			name = Products;
			sourceTree = "<group>";
		};
		D623FDB425C1A8EC00EEA76C /* ARRecognition3D_doz_16 */ = {
			isa = PBXGroup;
			children = (
				D623FDB525C1A8EC00EEA76C /* AppDelegate.swift */,
				D6A53C5F25C2CD7D00444C06 /* img */,
				D623FDB725C1A8EC00EEA76C /* art.scnassets */,
				D623FDB925C1A8EC00EEA76C /* ViewController.swift */,
				D623FDBB25C1A8EC00EEA76C /* Main.storyboard */,
				D623FDBE25C1A8EE00EEA76C /* Assets.xcassets */,
				D623FDC025C1A8EE00EEA76C /* LaunchScreen.storyboard */,
				D623FDC325C1A8EE00EEA76C /* Info.plist */,
			);
			path = ARRecognition3D_doz_16;
			sourceTree = "<group>";
		};
		D6A53C5F25C2CD7D00444C06 /* img */ = {
			isa = PBXGroup;
			children = (
				D6A53C5D25C2CD5900444C06 /* skull.png */,
			);
			path = img;
			sourceTree = "<group>";
		};
/* End PBXGroup section */

/* Begin PBXNativeTarget section */
		D623FDB125C1A8EC00EEA76C /* ARRecognition3D_doz_16 */ = {
			isa = PBXNativeTarget;
			buildConfigurationList = D623FDC625C1A8EE00EEA76C /* Build configuration list for PBXNativeTarget "ARRecognition3D_doz_16" */;
			buildPhases = (
				D623FDAE25C1A8EC00EEA76C /* Sources */,
				D623FDAF25C1A8EC00EEA76C /* Frameworks */,
				D623FDB025C1A8EC00EEA76C /* Resources */,
			);
			buildRules = (
			);
			dependencies = (
			);
			name = ARRecognition3D_doz_16;
			productName = ARRecognition3D_doz_16;
			productReference = D623FDB225C1A8EC00EEA76C /* ARRecognition3D_doz_16.app */;
			productType = "com.apple.product-type.application";
		};
/* End PBXNativeTarget section */

/* Begin PBXProject section */
		D623FDAA25C1A8EC00EEA76C /* Project object */ = {
			isa = PBXProject;
			attributes = {
				LastSwiftUpdateCheck = 1170;
				LastUpgradeCheck = 1170;
				ORGANIZATIONNAME = zancor;
				TargetAttributes = {
					D623FDB125C1A8EC00EEA76C = {
						CreatedOnToolsVersion = 11.7;
					};
				};
			};
			buildConfigurationList = D623FDAD25C1A8EC00EEA76C /* Build configuration list for PBXProject "ARRecognition3D_doz_16" */;
			compatibilityVersion = "Xcode 9.3";
			developmentRegion = en;
			hasScannedForEncodings = 0;
			knownRegions = (
				en,
				Base,
			);
			mainGroup = D623FDA925C1A8EC00EEA76C;
			productRefGroup = D623FDB325C1A8EC00EEA76C /* Products */;
			projectDirPath = "";
			projectRoot = "";
			targets = (
				D623FDB125C1A8EC00EEA76C /* ARRecognition3D_doz_16 */,
			);
		};
/* End PBXProject section */

/* Begin PBXResourcesBuildPhase section */
		D623FDB025C1A8EC00EEA76C /* Resources */ = {
			isa = PBXResourcesBuildPhase;
			buildActionMask = 2147483647;
			files = (
				D6A53C5E25C2CD5900444C06 /* skull.png in Resources */,
				D623FDB825C1A8EC00EEA76C /* art.scnassets in Resources */,
				D623FDC225C1A8EE00EEA76C /* LaunchScreen.storyboard in Resources */,
				D623FDBF25C1A8EE00EEA76C /* Assets.xcassets in Resources */,
				D623FDBD25C1A8EC00EEA76C /* Main.storyboard in Resources */,
			);
			runOnlyForDeploymentPostprocessing = 0;
		};
/* End PBXResourcesBuildPhase section */

/* Begin PBXSourcesBuildPhase section */
		D623FDAE25C1A8EC00EEA76C /* Sources */ = {
			isa = PBXSourcesBuildPhase;
			buildActionMask = 2147483647;
			files = (
				D623FDBA25C1A8EC00EEA76C /* ViewController.swift in Sources */,
				D623FDB625C1A8EC00EEA76C /* AppDelegate.swift in Sources */,
			);
			runOnlyForDeploymentPostprocessing = 0;
		};
/* End PBXSourcesBuildPhase section */

/* Begin PBXVariantGroup section */
		D623FDBB25C1A8EC00EEA76C /* Main.storyboard */ = {
			isa = PBXVariantGroup;
			children = (
				D623FDBC25C1A8EC00EEA76C /* Base */,
			);
			name = Main.storyboard;
			sourceTree = "<group>";
		};
		D623FDC025C1A8EE00EEA76C /* LaunchScreen.storyboard */ = {
			isa = PBXVariantGroup;
			children = (
				D623FDC125C1A8EE00EEA76C /* Base */,
			);
			name = LaunchScreen.storyboard;
			sourceTree = "<group>";
		};
/* End PBXVariantGroup section */

/* Begin XCBuildConfiguration section */
		D623FDC425C1A8EE00EEA76C /* Debug */ = {
			isa = XCBuildConfiguration;
			buildSettings = {
				ALWAYS_SEARCH_USER_PATHS = NO;
				CLANG_ANALYZER_NONNULL = YES;
				CLANG_ANALYZER_NUMBER_OBJECT_CONVERSION = YES_AGGRESSIVE;
				CLANG_CXX_LANGUAGE_STANDARD = "gnu++14";
				CLANG_CXX_LIBRARY = "libc++";
				CLANG_ENABLE_MODULES = YES;
				CLANG_ENABLE_OBJC_ARC = YES;
				CLANG_ENABLE_OBJC_WEAK = YES;
				CLANG_WARN_BLOCK_CAPTURE_AUTORELEASING = YES;
				CLANG_WARN_BOOL_CONVERSION = YES;
				CLANG_WARN_COMMA = YES;
				CLANG_WARN_CONSTANT_CONVERSION = YES;
				CLANG_WARN_DEPRECATED_OBJC_IMPLEMENTATIONS = YES;
				CLANG_WARN_DIRECT_OBJC_ISA_USAGE = YES_ERROR;
				CLANG_WARN_DOCUMENTATION_COMMENTS = YES;
				CLANG_WARN_EMPTY_BODY = YES;
				CLANG_WARN_ENUM_CONVERSION = YES;
				CLANG_WARN_INFINITE_RECURSION = YES;
				CLANG_WARN_INT_CONVERSION = YES;
				CLANG_WARN_NON_LITERAL_NULL_CONVERSION = YES;
				CLANG_WARN_OBJC_IMPLICIT_RETAIN_SELF = YES;
				CLANG_WARN_OBJC_LITERAL_CONVERSION = YES;
				CLANG_WARN_OBJC_ROOT_CLASS = YES_ERROR;
				CLANG_WARN_RANGE_LOOP_ANALYSIS = YES;
				CLANG_WARN_STRICT_PROTOTYPES = YES;
				CLANG_WARN_SUSPICIOUS_MOVE = YES;
				CLANG_WARN_UNGUARDED_AVAILABILITY = YES_AGGRESSIVE;
				CLANG_WARN_UNREACHABLE_CODE = YES;
				CLANG_WARN__DUPLICATE_METHOD_MATCH = YES;
				COPY_PHASE_STRIP = NO;
				DEBUG_INFORMATION_FORMAT = dwarf;
				ENABLE_STRICT_OBJC_MSGSEND = YES;
				ENABLE_TESTABILITY = YES;
				GCC_C_LANGUAGE_STANDARD = gnu11;
				GCC_DYNAMIC_NO_PIC = NO;
				GCC_NO_COMMON_BLOCKS = YES;
				GCC_OPTIMIZATION_LEVEL = 0;
				GCC_PREPROCESSOR_DEFINITIONS = (
					"DEBUG=1",
					"$(inherited)",
				);
				GCC_WARN_64_TO_32_BIT_CONVERSION = YES;
				GCC_WARN_ABOUT_RETURN_TYPE = YES_ERROR;
				GCC_WARN_UNDECLARED_SELECTOR = YES;
				GCC_WARN_UNINITIALIZED_AUTOS = YES_AGGRESSIVE;
				GCC_WARN_UNUSED_FUNCTION = YES;
				GCC_WARN_UNUSED_VARIABLE = YES;
				IPHONEOS_DEPLOYMENT_TARGET = 13.7;
				MTL_ENABLE_DEBUG_INFO = INCLUDE_SOURCE;
				MTL_FAST_MATH = YES;
				ONLY_ACTIVE_ARCH = YES;
				SDKROOT = iphoneos;
				SWIFT_ACTIVE_COMPILATION_CONDITIONS = DEBUG;
				SWIFT_OPTIMIZATION_LEVEL = "-Onone";
			};
			name = Debug;
		};
		D623FDC525C1A8EE00EEA76C /* Release */ = {
			isa = XCBuildConfiguration;
			buildSettings = {
				ALWAYS_SEARCH_USER_PATHS = NO;
				CLANG_ANALYZER_NONNULL = YES;
				CLANG_ANALYZER_NUMBER_OBJECT_CONVERSION = YES_AGGRESSIVE;
				CLANG_CXX_LANGUAGE_STANDARD = "gnu++14";
				CLANG_CXX_LIBRARY = "libc++";
				CLANG_ENABLE_MODULES = YES;
				CLANG_ENABLE_OBJC_ARC = YES;
				CLANG_ENABLE_OBJC_WEAK = YES;
				CLANG_WARN_BLOCK_CAPTURE_AUTORELEASING = YES;
				CLANG_WARN_BOOL_CONVERSION = YES;
				CLANG_WARN_COMMA = YES;
				CLANG_WARN_CONSTANT_CONVERSION = YES;
				CLANG_WARN_DEPRECATED_OBJC_IMPLEMENTATIONS = YES;
				CLANG_WARN_DIRECT_OBJC_ISA_USAGE = YES_ERROR;
				CLANG_WARN_DOCUMENTATION_COMMENTS = YES;
				CLANG_WARN_EMPTY_BODY = YES;
				CLANG_WARN_ENUM_CONVERSION = YES;
				CLANG_WARN_INFINITE_RECURSION = YES;
				CLANG_WARN_INT_CONVERSION = YES;
				CLANG_WARN_NON_LITERAL_NULL_CONVERSION = YES;
				CLANG_WARN_OBJC_IMPLICIT_RETAIN_SELF = YES;
				CLANG_WARN_OBJC_LITERAL_CONVERSION = YES;
				CLANG_WARN_OBJC_ROOT_CLASS = YES_ERROR;
				CLANG_WARN_RANGE_LOOP_ANALYSIS = YES;
				CLANG_WARN_STRICT_PROTOTYPES = YES;
				CLANG_WARN_SUSPICIOUS_MOVE = YES;
				CLANG_WARN_UNGUARDED_AVAILABILITY = YES_AGGRESSIVE;
				CLANG_WARN_UNREACHABLE_CODE = YES;
				CLANG_WARN__DUPLICATE_METHOD_MATCH = YES;
				COPY_PHASE_STRIP = NO;
				DEBUG_INFORMATION_FORMAT = "dwarf-with-dsym";
				ENABLE_NS_ASSERTIONS = NO;
				ENABLE_STRICT_OBJC_MSGSEND = YES;
				GCC_C_LANGUAGE_STANDARD = gnu11;
				GCC_NO_COMMON_BLOCKS = YES;
				GCC_WARN_64_TO_32_BIT_CONVERSION = YES;
				GCC_WARN_ABOUT_RETURN_TYPE = YES_ERROR;
				GCC_WARN_UNDECLARED_SELECTOR = YES;
				GCC_WARN_UNINITIALIZED_AUTOS = YES_AGGRESSIVE;
				GCC_WARN_UNUSED_FUNCTION = YES;
				GCC_WARN_UNUSED_VARIABLE = YES;
				IPHONEOS_DEPLOYMENT_TARGET = 13.7;
				MTL_ENABLE_DEBUG_INFO = NO;
				MTL_FAST_MATH = YES;
				SDKROOT = iphoneos;
				SWIFT_COMPILATION_MODE = wholemodule;
				SWIFT_OPTIMIZATION_LEVEL = "-O";
				VALIDATE_PRODUCT = YES;
			};
			name = Release;
		};
		D623FDC725C1A8EE00EEA76C /* Debug */ = {
			isa = XCBuildConfiguration;
			buildSettings = {
				ASSETCATALOG_COMPILER_APPICON_NAME = AppIcon;
				CODE_SIGN_STYLE = Automatic;
				DEVELOPMENT_TEAM = 8TXM23JGPB;
				INFOPLIST_FILE = ARRecognition3D_doz_16/Info.plist;
				IPHONEOS_DEPLOYMENT_TARGET = 12.4;
				LD_RUNPATH_SEARCH_PATHS = (
					"$(inherited)",
					"@executable_path/Frameworks",
				);
				PRODUCT_BUNDLE_IDENTIFIER = "com.ARRecognition3D-doz-16";
				PRODUCT_NAME = "$(TARGET_NAME)";
				SWIFT_VERSION = 5.0;
				TARGETED_DEVICE_FAMILY = "1,2";
			};
			name = Debug;
		};
		D623FDC825C1A8EE00EEA76C /* Release */ = {
			isa = XCBuildConfiguration;
			buildSettings = {
				ASSETCATALOG_COMPILER_APPICON_NAME = AppIcon;
				CODE_SIGN_STYLE = Automatic;
				DEVELOPMENT_TEAM = 8TXM23JGPB;
				INFOPLIST_FILE = ARRecognition3D_doz_16/Info.plist;
				IPHONEOS_DEPLOYMENT_TARGET = 12.4;
				LD_RUNPATH_SEARCH_PATHS = (
					"$(inherited)",
					"@executable_path/Frameworks",
				);
				PRODUCT_BUNDLE_IDENTIFIER = "com.ARRecognition3D-doz-16";
				PRODUCT_NAME = "$(TARGET_NAME)";
				SWIFT_VERSION = 5.0;
				TARGETED_DEVICE_FAMILY = "1,2";
			};
			name = Release;
		};
/* End XCBuildConfiguration section */

/* Begin XCConfigurationList section */
		D623FDAD25C1A8EC00EEA76C /* Build configuration list for PBXProject "ARRecognition3D_doz_16" */ = {
			isa = XCConfigurationList;
			buildConfigurations = (
				D623FDC425C1A8EE00EEA76C /* Debug */,
				D623FDC525C1A8EE00EEA76C /* Release */,
			);
			defaultConfigurationIsVisible = 0;
			defaultConfigurationName = Release;
		};
		D623FDC625C1A8EE00EEA76C /* Build configuration list for PBXNativeTarget "ARRecognition3D_doz_16" */ = {
			isa = XCConfigurationList;
			buildConfigurations = (
				D623FDC725C1A8EE00EEA76C /* Debug */,
				D623FDC825C1A8EE00EEA76C /* Release */,
			);
			defaultConfigurationIsVisible = 0;
			defaultConfigurationName = Release;
		};
/* End XCConfigurationList section */
	};
	rootObject = D623FDAA25C1A8EC00EEA76C /* Project object */;
}
